// !$*UTF8*$!
{
	archiveVersion = 1;
	classes = {
	};
	objectVersion = 50;
	objects = {

/* Begin PBXBuildFile section */
		67FE2E13CCFB968773AA0BD0 /* Pods_ActionSheetPickerTest.framework in Frameworks */ = {isa = PBXBuildFile; fileRef = 2270479D1CF7D75AE1A514BE /* Pods_ActionSheetPickerTest.framework */; };
		EB4D39AA20A8809A00C81143 /* AppDelegate.swift in Sources */ = {isa = PBXBuildFile; fileRef = EB4D39A920A8809A00C81143 /* AppDelegate.swift */; };
		EB4D39AC20A8809A00C81143 /* ViewController.swift in Sources */ = {isa = PBXBuildFile; fileRef = EB4D39AB20A8809A00C81143 /* ViewController.swift */; };
		EB4D39AF20A8809A00C81143 /* Main.storyboard in Resources */ = {isa = PBXBuildFile; fileRef = EB4D39AD20A8809A00C81143 /* Main.storyboard */; };
		EB4D39B120A8809B00C81143 /* Assets.xcassets in Resources */ = {isa = PBXBuildFile; fileRef = EB4D39B020A8809B00C81143 /* Assets.xcassets */; };
		EB4D39B420A8809B00C81143 /* LaunchScreen.storyboard in Resources */ = {isa = PBXBuildFile; fileRef = EB4D39B220A8809B00C81143 /* LaunchScreen.storyboard */; };
		EB52E8CD20A8D9D8003DADCE /* .gitignore in Resources */ = {isa = PBXBuildFile; fileRef = EB52E8CC20A8D9D8003DADCE /* .gitignore */; };
/* End PBXBuildFile section */

/* Begin PBXFileReference section */
		2270479D1CF7D75AE1A514BE /* Pods_ActionSheetPickerTest.framework */ = {isa = PBXFileReference; explicitFileType = wrapper.framework; includeInIndex = 0; path = Pods_ActionSheetPickerTest.framework; sourceTree = BUILT_PRODUCTS_DIR; };
		668E5D9672519AC520A4147E /* Pods-ActionSheetPickerTest.debug.xcconfig */ = {isa = PBXFileReference; includeInIndex = 1; lastKnownFileType = text.xcconfig; name = "Pods-ActionSheetPickerTest.debug.xcconfig"; path = "Pods/Target Support Files/Pods-ActionSheetPickerTest/Pods-ActionSheetPickerTest.debug.xcconfig"; sourceTree = "<group>"; };
		80920135897A63349A2EF315 /* Pods-ActionSheetPickerTest.release.xcconfig */ = {isa = PBXFileReference; includeInIndex = 1; lastKnownFileType = text.xcconfig; name = "Pods-ActionSheetPickerTest.release.xcconfig"; path = "Pods/Target Support Files/Pods-ActionSheetPickerTest/Pods-ActionSheetPickerTest.release.xcconfig"; sourceTree = "<group>"; };
		EB4D39A620A8809A00C81143 /* ActionSheetPickerTest.app */ = {isa = PBXFileReference; explicitFileType = wrapper.application; includeInIndex = 0; path = ActionSheetPickerTest.app; sourceTree = BUILT_PRODUCTS_DIR; };
		EB4D39A920A8809A00C81143 /* AppDelegate.swift */ = {isa = PBXFileReference; lastKnownFileType = sourcecode.swift; path = AppDelegate.swift; sourceTree = "<group>"; };
		EB4D39AB20A8809A00C81143 /* ViewController.swift */ = {isa = PBXFileReference; lastKnownFileType = sourcecode.swift; path = ViewController.swift; sourceTree = "<group>"; };
		EB4D39AE20A8809A00C81143 /* Base */ = {isa = PBXFileReference; lastKnownFileType = file.storyboard; name = Base; path = Base.lproj/Main.storyboard; sourceTree = "<group>"; };
		EB4D39B020A8809B00C81143 /* Assets.xcassets */ = {isa = PBXFileReference; lastKnownFileType = folder.assetcatalog; path = Assets.xcassets; sourceTree = "<group>"; };
		EB4D39B320A8809B00C81143 /* Base */ = {isa = PBXFileReference; lastKnownFileType = file.storyboard; name = Base; path = Base.lproj/LaunchScreen.storyboard; sourceTree = "<group>"; };
		EB4D39B520A8809B00C81143 /* Info.plist */ = {isa = PBXFileReference; lastKnownFileType = text.plist.xml; path = Info.plist; sourceTree = "<group>"; };
		EB52E8CC20A8D9D8003DADCE /* .gitignore */ = {isa = PBXFileReference; fileEncoding = 4; lastKnownFileType = text; path = .gitignore; sourceTree = "<group>"; };
/* End PBXFileReference section */

/* Begin PBXFrameworksBuildPhase section */
		EB4D39A320A8809A00C81143 /* Frameworks */ = {
			isa = PBXFrameworksBuildPhase;
			buildActionMask = 2147483647;
			files = (
				67FE2E13CCFB968773AA0BD0 /* Pods_ActionSheetPickerTest.framework in Frameworks */,
			);
			runOnlyForDeploymentPostprocessing = 0;
		};
/* End PBXFrameworksBuildPhase section */

/* Begin PBXGroup section */
		077507A6925192E6EF05053F /* Frameworks */ = {
			isa = PBXGroup;
			children = (
				EB52E8CC20A8D9D8003DADCE /* .gitignore */,
				2270479D1CF7D75AE1A514BE /* Pods_ActionSheetPickerTest.framework */,
			);
			name = Frameworks;
			sourceTree = "<group>";
		};
		BC91666B4BB3374076547963 /* Pods */ = {
			isa = PBXGroup;
			children = (
				668E5D9672519AC520A4147E /* Pods-ActionSheetPickerTest.debug.xcconfig */,
				80920135897A63349A2EF315 /* Pods-ActionSheetPickerTest.release.xcconfig */,
			);
			name = Pods;
			sourceTree = "<group>";
		};
		EB4D399D20A8809A00C81143 = {
			isa = PBXGroup;
			children = (
				EB4D39A820A8809A00C81143 /* ActionSheetPickerTest */,
				EB4D39A720A8809A00C81143 /* Products */,
				BC91666B4BB3374076547963 /* Pods */,
				077507A6925192E6EF05053F /* Frameworks */,
			);
			sourceTree = "<group>";
		};
		EB4D39A720A8809A00C81143 /* Products */ = {
			isa = PBXGroup;
			children = (
				EB4D39A620A8809A00C81143 /* ActionSheetPickerTest.app */,
			);
			name = Products;
			sourceTree = "<group>";
		};
		EB4D39A820A8809A00C81143 /* ActionSheetPickerTest */ = {
			isa = PBXGroup;
			children = (
				EB4D39A920A8809A00C81143 /* AppDelegate.swift */,
				EB4D39AB20A8809A00C81143 /* ViewController.swift */,
				EB4D39AD20A8809A00C81143 /* Main.storyboard */,
				EB4D39B020A8809B00C81143 /* Assets.xcassets */,
				EB4D39B220A8809B00C81143 /* LaunchScreen.storyboard */,
				EB4D39B520A8809B00C81143 /* Info.plist */,
			);
			path = ActionSheetPickerTest;
			sourceTree = "<group>";
		};
/* End PBXGroup section */

/* Begin PBXNativeTarget section */
		EB4D39A520A8809A00C81143 /* ActionSheetPickerTest */ = {
			isa = PBXNativeTarget;
			buildConfigurationList = EB4D39B820A8809B00C81143 /* Build configuration list for PBXNativeTarget "ActionSheetPickerTest" */;
			buildPhases = (
				52B39AF2AA195CFC6534BAB4 /* [CP] Check Pods Manifest.lock */,
				EB4D39A220A8809A00C81143 /* Sources */,
				EB4D39A320A8809A00C81143 /* Frameworks */,
				EB4D39A420A8809A00C81143 /* Resources */,
				14B5FE31EF06199530658AC0 /* [CP] Embed Pods Frameworks */,
				D063AF6AB473142460F3BFE2 /* [CP] Copy Pods Resources */,
			);
			buildRules = (
			);
			dependencies = (
			);
			name = ActionSheetPickerTest;
			productName = ActionSheetPickerTest;
			productReference = EB4D39A620A8809A00C81143 /* ActionSheetPickerTest.app */;
			productType = "com.apple.product-type.application";
		};
/* End PBXNativeTarget section */

/* Begin PBXProject section */
		EB4D399E20A8809A00C81143 /* Project object */ = {
			isa = PBXProject;
			attributes = {
				LastSwiftUpdateCheck = 0930;
				LastUpgradeCheck = 0930;
				ORGANIZATIONNAME = "Faruk Yavuz";
				TargetAttributes = {
					EB4D39A520A8809A00C81143 = {
						CreatedOnToolsVersion = 9.3.1;
					};
				};
			};
			buildConfigurationList = EB4D39A120A8809A00C81143 /* Build configuration list for PBXProject "ActionSheetPickerTest" */;
			compatibilityVersion = "Xcode 9.3";
			developmentRegion = en;
			hasScannedForEncodings = 0;
			knownRegions = (
				en,
				Base,
			);
			mainGroup = EB4D399D20A8809A00C81143;
			productRefGroup = EB4D39A720A8809A00C81143 /* Products */;
			projectDirPath = "";
			projectRoot = "";
			targets = (
				EB4D39A520A8809A00C81143 /* ActionSheetPickerTest */,
			);
		};
/* End PBXProject section */

/* Begin PBXResourcesBuildPhase section */
		EB4D39A420A8809A00C81143 /* Resources */ = {
			isa = PBXResourcesBuildPhase;
			buildActionMask = 2147483647;
			files = (
				EB52E8CD20A8D9D8003DADCE /* .gitignore in Resources */,
				EB4D39B420A8809B00C81143 /* LaunchScreen.storyboard in Resources */,
				EB4D39B120A8809B00C81143 /* Assets.xcassets in Resources */,
				EB4D39AF20A8809A00C81143 /* Main.storyboard in Resources */,
			);
			runOnlyForDeploymentPostprocessing = 0;
		};
/* End PBXResourcesBuildPhase section */

/* Begin PBXShellScriptBuildPhase section */
		14B5FE31EF06199530658AC0 /* [CP] Embed Pods Frameworks */ = {
			isa = PBXShellScriptBuildPhase;
			buildActionMask = 2147483647;
			files = (
			);
			inputPaths = (
				"${SRCROOT}/Pods/Target Support Files/Pods-ActionSheetPickerTest/Pods-ActionSheetPickerTest-frameworks.sh",
				"${BUILT_PRODUCTS_DIR}/ActionSheetPicker-3.0/ActionSheetPicker_3_0.framework",
			);
			name = "[CP] Embed Pods Frameworks";
			outputPaths = (
				"${TARGET_BUILD_DIR}/${FRAMEWORKS_FOLDER_PATH}/ActionSheetPicker_3_0.framework",
			);
			runOnlyForDeploymentPostprocessing = 0;
			shellPath = /bin/sh;
			shellScript = "\"${SRCROOT}/Pods/Target Support Files/Pods-ActionSheetPickerTest/Pods-ActionSheetPickerTest-frameworks.sh\"\n";
			showEnvVarsInLog = 0;
		};
		52B39AF2AA195CFC6534BAB4 /* [CP] Check Pods Manifest.lock */ = {
			isa = PBXShellScriptBuildPhase;
			buildActionMask = 2147483647;
			files = (
			);
			inputPaths = (
				"${PODS_PODFILE_DIR_PATH}/Podfile.lock",
				"${PODS_ROOT}/Manifest.lock",
			);
			name = "[CP] Check Pods Manifest.lock";
			outputPaths = (
				"$(DERIVED_FILE_DIR)/Pods-ActionSheetPickerTest-checkManifestLockResult.txt",
			);
			runOnlyForDeploymentPostprocessing = 0;
			shellPath = /bin/sh;
			shellScript = "diff \"${PODS_PODFILE_DIR_PATH}/Podfile.lock\" \"${PODS_ROOT}/Manifest.lock\" > /dev/null\nif [ $? != 0 ] ; then\n    # print error to STDERR\n    echo \"error: The sandbox is not in sync with the Podfile.lock. Run 'pod install' or update your CocoaPods installation.\" >&2\n    exit 1\nfi\n# This output is used by Xcode 'outputs' to avoid re-running this script phase.\necho \"SUCCESS\" > \"${SCRIPT_OUTPUT_FILE_0}\"\n";
			showEnvVarsInLog = 0;
		};
		D063AF6AB473142460F3BFE2 /* [CP] Copy Pods Resources */ = {
			isa = PBXShellScriptBuildPhase;
			buildActionMask = 2147483647;
			files = (
			);
			inputPaths = (
			);
			name = "[CP] Copy Pods Resources";
			outputPaths = (
			);
			runOnlyForDeploymentPostprocessing = 0;
			shellPath = /bin/sh;
			shellScript = "\"${SRCROOT}/Pods/Target Support Files/Pods-ActionSheetPickerTest/Pods-ActionSheetPickerTest-resources.sh\"\n";
			showEnvVarsInLog = 0;
		};
/* End PBXShellScriptBuildPhase section */

/* Begin PBXSourcesBuildPhase section */
		EB4D39A220A8809A00C81143 /* Sources */ = {
			isa = PBXSourcesBuildPhase;
			buildActionMask = 2147483647;
			files = (
				EB4D39AC20A8809A00C81143 /* ViewController.swift in Sources */,
				EB4D39AA20A8809A00C81143 /* AppDelegate.swift in Sources */,
			);
			runOnlyForDeploymentPostprocessing = 0;
		};
/* End PBXSourcesBuildPhase section */

/* Begin PBXVariantGroup section */
		EB4D39AD20A8809A00C81143 /* Main.storyboard */ = {
			isa = PBXVariantGroup;
			children = (
				EB4D39AE20A8809A00C81143 /* Base */,
			);
			name = Main.storyboard;
			sourceTree = "<group>";
		};
		EB4D39B220A8809B00C81143 /* LaunchScreen.storyboard */ = {
			isa = PBXVariantGroup;
			children = (
				EB4D39B320A8809B00C81143 /* Base */,
			);
			name = LaunchScreen.storyboard;
			sourceTree = "<group>";
		};
/* End PBXVariantGroup section */

/* Begin XCBuildConfiguration section */
		EB4D39B620A8809B00C81143 /* Debug */ = {
			isa = XCBuildConfiguration;
			buildSettings = {
				ALWAYS_SEARCH_USER_PATHS = NO;
				CLANG_ANALYZER_NONNULL = YES;
				CLANG_ANALYZER_NUMBER_OBJECT_CONVERSION = YES_AGGRESSIVE;
				CLANG_CXX_LANGUAGE_STANDARD = "gnu++14";
				CLANG_CXX_LIBRARY = "libc++";
				CLANG_ENABLE_MODULES = YES;
				CLANG_ENABLE_OBJC_ARC = YES;
				CLANG_ENABLE_OBJC_WEAK = YES;
				CLANG_WARN_BLOCK_CAPTURE_AUTORELEASING = YES;
				CLANG_WARN_BOOL_CONVERSION = YES;
				CLANG_WARN_COMMA = YES;
				CLANG_WARN_CONSTANT_CONVERSION = YES;
				CLANG_WARN_DEPRECATED_OBJC_IMPLEMENTATIONS = YES;
				CLANG_WARN_DIRECT_OBJC_ISA_USAGE = YES_ERROR;
				CLANG_WARN_DOCUMENTATION_COMMENTS = YES;
				CLANG_WARN_EMPTY_BODY = YES;
				CLANG_WARN_ENUM_CONVERSION = YES;
				CLANG_WARN_INFINITE_RECURSION = YES;
				CLANG_WARN_INT_CONVERSION = YES;
				CLANG_WARN_NON_LITERAL_NULL_CONVERSION = YES;
				CLANG_WARN_OBJC_IMPLICIT_RETAIN_SELF = YES;
				CLANG_WARN_OBJC_LITERAL_CONVERSION = YES;
				CLANG_WARN_OBJC_ROOT_CLASS = YES_ERROR;
				CLANG_WARN_RANGE_LOOP_ANALYSIS = YES;
				CLANG_WARN_STRICT_PROTOTYPES = YES;
				CLANG_WARN_SUSPICIOUS_MOVE = YES;
				CLANG_WARN_UNGUARDED_AVAILABILITY = YES_AGGRESSIVE;
				CLANG_WARN_UNREACHABLE_CODE = YES;
				CLANG_WARN__DUPLICATE_METHOD_MATCH = YES;
				CODE_SIGN_IDENTITY = "iPhone Developer";
				COPY_PHASE_STRIP = NO;
				DEBUG_INFORMATION_FORMAT = dwarf;
				ENABLE_STRICT_OBJC_MSGSEND = YES;
				ENABLE_TESTABILITY = YES;
				GCC_C_LANGUAGE_STANDARD = gnu11;
				GCC_DYNAMIC_NO_PIC = NO;
				GCC_NO_COMMON_BLOCKS = YES;
				GCC_OPTIMIZATION_LEVEL = 0;
				GCC_PREPROCESSOR_DEFINITIONS = (
					"DEBUG=1",
					"$(inherited)",
				);
				GCC_WARN_64_TO_32_BIT_CONVERSION = YES;
				GCC_WARN_ABOUT_RETURN_TYPE = YES_ERROR;
				GCC_WARN_UNDECLARED_SELECTOR = YES;
				GCC_WARN_UNINITIALIZED_AUTOS = YES_AGGRESSIVE;
				GCC_WARN_UNUSED_FUNCTION = YES;
				GCC_WARN_UNUSED_VARIABLE = YES;
				IPHONEOS_DEPLOYMENT_TARGET = 10.3;
				MTL_ENABLE_DEBUG_INFO = YES;
				ONLY_ACTIVE_ARCH = YES;
				SDKROOT = iphoneos;
				SWIFT_ACTIVE_COMPILATION_CONDITIONS = DEBUG;
				SWIFT_OPTIMIZATION_LEVEL = "-Onone";
			};
			name = Debug;
		};
		EB4D39B720A8809B00C81143 /* Release */ = {
			isa = XCBuildConfiguration;
			buildSettings = {
				ALWAYS_SEARCH_USER_PATHS = NO;
				CLANG_ANALYZER_NONNULL = YES;
				CLANG_ANALYZER_NUMBER_OBJECT_CONVERSION = YES_AGGRESSIVE;
				CLANG_CXX_LANGUAGE_STANDARD = "gnu++14";
				CLANG_CXX_LIBRARY = "libc++";
				CLANG_ENABLE_MODULES = YES;
				CLANG_ENABLE_OBJC_ARC = YES;
				CLANG_ENABLE_OBJC_WEAK = YES;
				CLANG_WARN_BLOCK_CAPTURE_AUTORELEASING = YES;
				CLANG_WARN_BOOL_CONVERSION = YES;
				CLANG_WARN_COMMA = YES;
				CLANG_WARN_CONSTANT_CONVERSION = YES;
				CLANG_WARN_DEPRECATED_OBJC_IMPLEMENTATIONS = YES;
				CLANG_WARN_DIRECT_OBJC_ISA_USAGE = YES_ERROR;
				CLANG_WARN_DOCUMENTATION_COMMENTS = YES;
				CLANG_WARN_EMPTY_BODY = YES;
				CLANG_WARN_ENUM_CONVERSION = YES;
				CLANG_WARN_INFINITE_RECURSION = YES;
				CLANG_WARN_INT_CONVERSION = YES;
				CLANG_WARN_NON_LITERAL_NULL_CONVERSION = YES;
				CLANG_WARN_OBJC_IMPLICIT_RETAIN_SELF = YES;
				CLANG_WARN_OBJC_LITERAL_CONVERSION = YES;
				CLANG_WARN_OBJC_ROOT_CLASS = YES_ERROR;
				CLANG_WARN_RANGE_LOOP_ANALYSIS = YES;
				CLANG_WARN_STRICT_PROTOTYPES = YES;
				CLANG_WARN_SUSPICIOUS_MOVE = YES;
				CLANG_WARN_UNGUARDED_AVAILABILITY = YES_AGGRESSIVE;
				CLANG_WARN_UNREACHABLE_CODE = YES;
				CLANG_WARN__DUPLICATE_METHOD_MATCH = YES;
				CODE_SIGN_IDENTITY = "iPhone Developer";
				COPY_PHASE_STRIP = NO;
				DEBUG_INFORMATION_FORMAT = "dwarf-with-dsym";
				ENABLE_NS_ASSERTIONS = NO;
				ENABLE_STRICT_OBJC_MSGSEND = YES;
				GCC_C_LANGUAGE_STANDARD = gnu11;
				GCC_NO_COMMON_BLOCKS = YES;
				GCC_WARN_64_TO_32_BIT_CONVERSION = YES;
				GCC_WARN_ABOUT_RETURN_TYPE = YES_ERROR;
				GCC_WARN_UNDECLARED_SELECTOR = YES;
				GCC_WARN_UNINITIALIZED_AUTOS = YES_AGGRESSIVE;
				GCC_WARN_UNUSED_FUNCTION = YES;
				GCC_WARN_UNUSED_VARIABLE = YES;
				IPHONEOS_DEPLOYMENT_TARGET = 10.3;
				MTL_ENABLE_DEBUG_INFO = NO;
				SDKROOT = iphoneos;
				SWIFT_COMPILATION_MODE = wholemodule;
				SWIFT_OPTIMIZATION_LEVEL = "-O";
				VALIDATE_PRODUCT = YES;
			};
			name = Release;
		};
		EB4D39B920A8809B00C81143 /* Debug */ = {
			isa = XCBuildConfiguration;
			baseConfigurationReference = 668E5D9672519AC520A4147E /* Pods-ActionSheetPickerTest.debug.xcconfig */;
			buildSettings = {
				ASSETCATALOG_COMPILER_APPICON_NAME = AppIcon;
				CODE_SIGN_STYLE = Automatic;
				DEVELOPMENT_TEAM = TC7KWC68P6;
				INFOPLIST_FILE = ActionSheetPickerTest/Info.plist;
				LD_RUNPATH_SEARCH_PATHS = (
					"$(inherited)",
					"@executable_path/Frameworks",
				);
				PRODUCT_BUNDLE_IDENTIFIER = org.faruk.ActionSheetPickerTest;
				PRODUCT_NAME = "$(TARGET_NAME)";
				SWIFT_VERSION = 4.0;
				TARGETED_DEVICE_FAMILY = "1,2";
			};
			name = Debug;
		};
		EB4D39BA20A8809B00C81143 /* Release */ = {
			isa = XCBuildConfiguration;
			baseConfigurationReference = 80920135897A63349A2EF315 /* Pods-ActionSheetPickerTest.release.xcconfig */;
			buildSettings = {
				ASSETCATALOG_COMPILER_APPICON_NAME = AppIcon;
				CODE_SIGN_STYLE = Automatic;
				DEVELOPMENT_TEAM = TC7KWC68P6;
				INFOPLIST_FILE = ActionSheetPickerTest/Info.plist;
				LD_RUNPATH_SEARCH_PATHS = (
					"$(inherited)",
					"@executable_path/Frameworks",
				);
				PRODUCT_BUNDLE_IDENTIFIER = org.faruk.ActionSheetPickerTest;
				PRODUCT_NAME = "$(TARGET_NAME)";
				SWIFT_VERSION = 4.0;
				TARGETED_DEVICE_FAMILY = "1,2";
			};
			name = Release;
		};
/* End XCBuildConfiguration section */

/* Begin XCConfigurationList section */
		EB4D39A120A8809A00C81143 /* Build configuration list for PBXProject "ActionSheetPickerTest" */ = {
			isa = XCConfigurationList;
			buildConfigurations = (
				EB4D39B620A8809B00C81143 /* Debug */,
				EB4D39B720A8809B00C81143 /* Release */,
			);
			defaultConfigurationIsVisible = 0;
			defaultConfigurationName = Release;
		};
		EB4D39B820A8809B00C81143 /* Build configuration list for PBXNativeTarget "ActionSheetPickerTest" */ = {
			isa = XCConfigurationList;
			buildConfigurations = (
				EB4D39B920A8809B00C81143 /* Debug */,
				EB4D39BA20A8809B00C81143 /* Release */,
			);
			defaultConfigurationIsVisible = 0;
			defaultConfigurationName = Release;
		};
/* End XCConfigurationList section */
	};
	rootObject = EB4D399E20A8809A00C81143 /* Project object */;
}
